
Microsoft Visual Studio Solution File, Format Version 12.00
# Visual Studio Version 17
VisualStudioVersion = 17.5.002.0
MinimumVisualStudioVersion = 10.0.40219.1
Project("{9A19103F-16F7-4668-BE54-9A1E7A4F7556}") = "DesafioFundamentos", "DesafioFundamentos\DesafioFundamentos.csproj", "{739F2556-58D6-48B9-BE25-6F10B708A867}"
EndProject
Global
	GlobalSection(SolutionConfigurationPlatforms) = preSolution
		Debug|Any CPU = Debug|Any CPU
		Release|Any CPU = Release|Any CPU
	EndGlobalSection
	GlobalSection(ProjectConfigurationPlatforms) = postSolution
		{739F2556-58D6-48B9-BE25-6F10B708A867}.Debug|Any CPU.ActiveCfg = Debug|Any CPU
		{739F2556-58D6-48B9-BE25-6F10B708A867}.Debug|Any CPU.Build.0 = Debug|Any CPU
		{739F2556-58D6-48B9-BE25-6F10B708A867}.Release|Any CPU.ActiveCfg = Release|Any CPU
		{739F2556-58D6-48B9-BE25-6F10B708A867}.Release|Any CPU.Build.0 = Release|Any CPU
	EndGlobalSection
	GlobalSection(SolutionProperties) = preSolution
		HideSolutionNode = FALSE
	EndGlobalSection
	GlobalSection(ExtensibilityGlobals) = postSolution
		SolutionGuid = {18B5557B-8DB1-4817-B1A2-36E34831B5D1}
	EndGlobalSection
EndGlobal
